
Microsoft Visual Studio Solution File, Format Version 12.00
# Visual Studio Version 16
VisualStudioVersion = 16.0.31702.278
MinimumVisualStudioVersion = 10.0.40219.1
Project("{FAE04EC0-301F-11D3-BF4B-00C04F79EFBC}") = "P3", "P3.csproj", "{6757F251-B42E-4673-8634-259CAB2E6BE0}"
EndProject
Global
	GlobalSection(SolutionConfigurationPlatforms) = preSolution
		Debug|Any CPU = Debug|Any CPU
		Release|Any CPU = Release|Any CPU
	EndGlobalSection
	GlobalSection(ProjectConfigurationPlatforms) = postSolution
		{6757F251-B42E-4673-8634-259CAB2E6BE0}.Debug|Any CPU.ActiveCfg = Debug|Any CPU
		{6757F251-B42E-4673-8634-259CAB2E6BE0}.Debug|Any CPU.Build.0 = Debug|Any CPU
		{6757F251-B42E-4673-8634-259CAB2E6BE0}.Release|Any CPU.ActiveCfg = Release|Any CPU
		{6757F251-B42E-4673-8634-259CAB2E6BE0}.Release|Any CPU.Build.0 = Release|Any CPU
	EndGlobalSection
	GlobalSection(SolutionProperties) = preSolution
		HideSolutionNode = FALSE
	EndGlobalSection
	GlobalSection(ExtensibilityGlobals) = postSolution
		SolutionGuid = {2A99C629-6EC0-4709-9C29-0A12CB76E8E7}
	EndGlobalSection
EndGlobal
